
Microsoft Visual Studio Solution File, Format Version 12.00
# Visual Studio Version 16
VisualStudioVersion = 16.0.30114.105
MinimumVisualStudioVersion = 10.0.40219.1
Project("{9A19103F-16F7-4668-BE54-9A1E7A4F7556}") = "Day5", "Day5\Day5.csproj", "{FD1E3484-B50E-4199-8A2B-04D6E40980A9}"
EndProject
Project("{2150E333-8FDC-42A3-9474-1A3956D46DE8}") = "Solution Items", "Solution Items", "{F8E85228-AAAD-4ABF-B233-8A69F1EDDCE3}"
	ProjectSection(SolutionItems) = preProject
		.gitignore = .gitignore
		ReadMe.md = ReadMe.md
	EndProjectSection
EndProject
Project("{8BC9CEB8-8B4A-11D0-8D11-00A0C91BC942}") = "Day1", "Day1\Day1.vcxproj", "{F6BD3DC0-4A9C-47B4-9A42-6E51897ACB4E}"
EndProject
Project("{8BC9CEB8-8B4A-11D0-8D11-00A0C91BC942}") = "Day2", "Day2\Day2.vcxproj", "{7A02F9DB-8458-4EDE-9C96-25ED4122BF8B}"
EndProject
Project("{9A19103F-16F7-4668-BE54-9A1E7A4F7556}") = "Day6", "Day6\Day6.csproj", "{C9A05B37-90E0-49A9-856F-B73ABB6FB849}"
EndProject
Project("{9092AA53-FB77-4645-B42D-1CCCA6BD08BD}") = "Day3", "Day3\Day3.njsproj", "{83ECC366-3D83-4EE0-AD89-DC2E8F2B0B20}"
EndProject
Project("{9092AA53-FB77-4645-B42D-1CCCA6BD08BD}") = "Day4", "Day4\Day4.njsproj", "{9B588245-A983-4483-9261-1675F47F18F3}"
EndProject
Global
	GlobalSection(SolutionConfigurationPlatforms) = preSolution
		Debug|Any CPU = Debug|Any CPU
		Debug|x64 = Debug|x64
		Debug|x86 = Debug|x86
		Release|Any CPU = Release|Any CPU
		Release|x64 = Release|x64
		Release|x86 = Release|x86
	EndGlobalSection
	GlobalSection(ProjectConfigurationPlatforms) = postSolution
		{FD1E3484-B50E-4199-8A2B-04D6E40980A9}.Debug|Any CPU.ActiveCfg = Debug|Any CPU
		{FD1E3484-B50E-4199-8A2B-04D6E40980A9}.Debug|Any CPU.Build.0 = Debug|Any CPU
		{FD1E3484-B50E-4199-8A2B-04D6E40980A9}.Debug|x64.ActiveCfg = Debug|Any CPU
		{FD1E3484-B50E-4199-8A2B-04D6E40980A9}.Debug|x64.Build.0 = Debug|Any CPU
		{FD1E3484-B50E-4199-8A2B-04D6E40980A9}.Debug|x86.ActiveCfg = Debug|Any CPU
		{FD1E3484-B50E-4199-8A2B-04D6E40980A9}.Debug|x86.Build.0 = Debug|Any CPU
		{FD1E3484-B50E-4199-8A2B-04D6E40980A9}.Release|Any CPU.ActiveCfg = Release|Any CPU
		{FD1E3484-B50E-4199-8A2B-04D6E40980A9}.Release|Any CPU.Build.0 = Release|Any CPU
		{FD1E3484-B50E-4199-8A2B-04D6E40980A9}.Release|x64.ActiveCfg = Release|Any CPU
		{FD1E3484-B50E-4199-8A2B-04D6E40980A9}.Release|x64.Build.0 = Release|Any CPU
		{FD1E3484-B50E-4199-8A2B-04D6E40980A9}.Release|x86.ActiveCfg = Release|Any CPU
		{FD1E3484-B50E-4199-8A2B-04D6E40980A9}.Release|x86.Build.0 = Release|Any CPU
		{F6BD3DC0-4A9C-47B4-9A42-6E51897ACB4E}.Debug|Any CPU.ActiveCfg = Debug|Win32
		{F6BD3DC0-4A9C-47B4-9A42-6E51897ACB4E}.Debug|x64.ActiveCfg = Debug|x64
		{F6BD3DC0-4A9C-47B4-9A42-6E51897ACB4E}.Debug|x64.Build.0 = Debug|x64
		{F6BD3DC0-4A9C-47B4-9A42-6E51897ACB4E}.Debug|x86.ActiveCfg = Debug|Win32
		{F6BD3DC0-4A9C-47B4-9A42-6E51897ACB4E}.Debug|x86.Build.0 = Debug|Win32
		{F6BD3DC0-4A9C-47B4-9A42-6E51897ACB4E}.Release|Any CPU.ActiveCfg = Release|Win32
		{F6BD3DC0-4A9C-47B4-9A42-6E51897ACB4E}.Release|x64.ActiveCfg = Release|x64
		{F6BD3DC0-4A9C-47B4-9A42-6E51897ACB4E}.Release|x64.Build.0 = Release|x64
		{F6BD3DC0-4A9C-47B4-9A42-6E51897ACB4E}.Release|x86.ActiveCfg = Release|Win32
		{F6BD3DC0-4A9C-47B4-9A42-6E51897ACB4E}.Release|x86.Build.0 = Release|Win32
		{7A02F9DB-8458-4EDE-9C96-25ED4122BF8B}.Debug|Any CPU.ActiveCfg = Debug|Win32
		{7A02F9DB-8458-4EDE-9C96-25ED4122BF8B}.Debug|x64.ActiveCfg = Debug|x64
		{7A02F9DB-8458-4EDE-9C96-25ED4122BF8B}.Debug|x64.Build.0 = Debug|x64
		{7A02F9DB-8458-4EDE-9C96-25ED4122BF8B}.Debug|x86.ActiveCfg = Debug|Win32
		{7A02F9DB-8458-4EDE-9C96-25ED4122BF8B}.Debug|x86.Build.0 = Debug|Win32
		{7A02F9DB-8458-4EDE-9C96-25ED4122BF8B}.Release|Any CPU.ActiveCfg = Release|Win32
		{7A02F9DB-8458-4EDE-9C96-25ED4122BF8B}.Release|x64.ActiveCfg = Release|x64
		{7A02F9DB-8458-4EDE-9C96-25ED4122BF8B}.Release|x64.Build.0 = Release|x64
		{7A02F9DB-8458-4EDE-9C96-25ED4122BF8B}.Release|x86.ActiveCfg = Release|Win32
		{7A02F9DB-8458-4EDE-9C96-25ED4122BF8B}.Release|x86.Build.0 = Release|Win32
		{C9A05B37-90E0-49A9-856F-B73ABB6FB849}.Debug|Any CPU.ActiveCfg = Debug|Any CPU
		{C9A05B37-90E0-49A9-856F-B73ABB6FB849}.Debug|Any CPU.Build.0 = Debug|Any CPU
		{C9A05B37-90E0-49A9-856F-B73ABB6FB849}.Debug|x64.ActiveCfg = Debug|Any CPU
		{C9A05B37-90E0-49A9-856F-B73ABB6FB849}.Debug|x64.Build.0 = Debug|Any CPU
		{C9A05B37-90E0-49A9-856F-B73ABB6FB849}.Debug|x86.ActiveCfg = Debug|Any CPU
		{C9A05B37-90E0-49A9-856F-B73ABB6FB849}.Debug|x86.Build.0 = Debug|Any CPU
		{C9A05B37-90E0-49A9-856F-B73ABB6FB849}.Release|Any CPU.ActiveCfg = Release|Any CPU
		{C9A05B37-90E0-49A9-856F-B73ABB6FB849}.Release|Any CPU.Build.0 = Release|Any CPU
		{C9A05B37-90E0-49A9-856F-B73ABB6FB849}.Release|x64.ActiveCfg = Release|Any CPU
		{C9A05B37-90E0-49A9-856F-B73ABB6FB849}.Release|x64.Build.0 = Release|Any CPU
		{C9A05B37-90E0-49A9-856F-B73ABB6FB849}.Release|x86.ActiveCfg = Release|Any CPU
		{C9A05B37-90E0-49A9-856F-B73ABB6FB849}.Release|x86.Build.0 = Release|Any CPU
		{83ECC366-3D83-4EE0-AD89-DC2E8F2B0B20}.Debug|Any CPU.ActiveCfg = Debug|Any CPU
		{83ECC366-3D83-4EE0-AD89-DC2E8F2B0B20}.Debug|Any CPU.Build.0 = Debug|Any CPU
		{83ECC366-3D83-4EE0-AD89-DC2E8F2B0B20}.Debug|x64.ActiveCfg = Debug|Any CPU
		{83ECC366-3D83-4EE0-AD89-DC2E8F2B0B20}.Debug|x64.Build.0 = Debug|Any CPU
		{83ECC366-3D83-4EE0-AD89-DC2E8F2B0B20}.Debug|x86.ActiveCfg = Debug|Any CPU
		{83ECC366-3D83-4EE0-AD89-DC2E8F2B0B20}.Debug|x86.Build.0 = Debug|Any CPU
		{83ECC366-3D83-4EE0-AD89-DC2E8F2B0B20}.Release|Any CPU.ActiveCfg = Release|Any CPU
		{83ECC366-3D83-4EE0-AD89-DC2E8F2B0B20}.Release|Any CPU.Build.0 = Release|Any CPU
		{83ECC366-3D83-4EE0-AD89-DC2E8F2B0B20}.Release|x64.ActiveCfg = Release|Any CPU
		{83ECC366-3D83-4EE0-AD89-DC2E8F2B0B20}.Release|x64.Build.0 = Release|Any CPU
		{83ECC366-3D83-4EE0-AD89-DC2E8F2B0B20}.Release|x86.ActiveCfg = Release|Any CPU
		{83ECC366-3D83-4EE0-AD89-DC2E8F2B0B20}.Release|x86.Build.0 = Release|Any CPU
		{9B588245-A983-4483-9261-1675F47F18F3}.Debug|Any CPU.ActiveCfg = Debug|Any CPU
		{9B588245-A983-4483-9261-1675F47F18F3}.Debug|Any CPU.Build.0 = Debug|Any CPU
		{9B588245-A983-4483-9261-1675F47F18F3}.Debug|x64.ActiveCfg = Debug|Any CPU
		{9B588245-A983-4483-9261-1675F47F18F3}.Debug|x64.Build.0 = Debug|Any CPU
		{9B588245-A983-4483-9261-1675F47F18F3}.Debug|x86.ActiveCfg = Debug|Any CPU
		{9B588245-A983-4483-9261-1675F47F18F3}.Debug|x86.Build.0 = Debug|Any CPU
		{9B588245-A983-4483-9261-1675F47F18F3}.Release|Any CPU.ActiveCfg = Release|Any CPU
		{9B588245-A983-4483-9261-1675F47F18F3}.Release|Any CPU.Build.0 = Release|Any CPU
		{9B588245-A983-4483-9261-1675F47F18F3}.Release|x64.ActiveCfg = Release|Any CPU
		{9B588245-A983-4483-9261-1675F47F18F3}.Release|x64.Build.0 = Release|Any CPU
		{9B588245-A983-4483-9261-1675F47F18F3}.Release|x86.ActiveCfg = Release|Any CPU
		{9B588245-A983-4483-9261-1675F47F18F3}.Release|x86.Build.0 = Release|Any CPU
	EndGlobalSection
	GlobalSection(SolutionProperties) = preSolution
		HideSolutionNode = FALSE
	EndGlobalSection
	GlobalSection(ExtensibilityGlobals) = postSolution
		SolutionGuid = {F34BEB12-CDD3-4231-9BA3-FCE37AD07150}
	EndGlobalSection
EndGlobal
